<?xml version="1.0" encoding="utf-8"?>
<Project ToolsVersion="4.0" xmlns="http://schemas.microsoft.com/developer/msbuild/2003">
  <ItemGroup>
    <Filter Include="资源文件">
      <UniqueIdentifier>{67DA6AB6-F800-4c08-8B7A-83BB121AAD01}</UniqueIdentifier>
      <Extensions>rc;ico;cur;bmp;dlg;rc2;rct;bin;rgs;gif;jpg;jpeg;jpe;resx;tiff;tif;png;wav;mfcribbon-ms</Extensions>
    </Filter>
    <Filter Include="libavcodec">
      <UniqueIdentifier>{4770c0d2-c728-42ca-bc5a-cecfe7809de6}</UniqueIdentifier>
    </Filter>
    <Filter Include="libavdevice">
      <UniqueIdentifier>{5c2159bb-e5b8-4b67-882d-79bb4cd6fe3a}</UniqueIdentifier>
    </Filter>
    <Filter Include="libavfilter">
      <UniqueIdentifier>{88b02c52-fb2c-4cd3-9ae2-048160468c8a}</UniqueIdentifier>
    </Filter>
    <Filter Include="libavformat">
      <UniqueIdentifier>{0596fc10-7c63-4bbf-8140-8619a0539ee5}</UniqueIdentifier>
    </Filter>
    <Filter Include="libavutil">
      <UniqueIdentifier>{47c8edb2-85a6-4f8c-8d1d-339cde12af57}</UniqueIdentifier>
    </Filter>
    <Filter Include="libpostproc">
      <UniqueIdentifier>{cdf80599-c042-4e4e-a325-e634a91bbdf1}</UniqueIdentifier>
    </Filter>
    <Filter Include="libswresample">
      <UniqueIdentifier>{f2762fad-23ff-45fc-b67b-42b4637127ff}</UniqueIdentifier>
    </Filter>
    <Filter Include="libswscale">
      <UniqueIdentifier>{80c42775-7235-4b8f-b111-b2205b832a77}</UniqueIdentifier>
    </Filter>
    <Filter Include="mp4convert">
      <UniqueIdentifier>{e61a3e45-8dd6-43c6-885d-c18d999de1b5}</UniqueIdentifier>
    </Filter>
  </ItemGroup>
  <ItemGroup>
    <None Include="Source.def" />
  </ItemGroup>
  <ItemGroup>
    <ClInclude Include="libavcodec\xvmc.h">
      <Filter>libavcodec</Filter>
    </ClInclude>
    <ClInclude Include="libavcodec\avcodec.h">
      <Filter>libavcodec</Filter>
    </ClInclude>
    <ClInclude Include="libavcodec\avdct.h">
      <Filter>libavcodec</Filter>
    </ClInclude>
    <ClInclude Include="libavcodec\avfft.h">
      <Filter>libavcodec</Filter>
    </ClInclude>
    <ClInclude Include="libavcodec\d3d11va.h">
      <Filter>libavcodec</Filter>
    </ClInclude>
    <ClInclude Include="libavcodec\dirac.h">
      <Filter>libavcodec</Filter>
    </ClInclude>
    <ClInclude Include="libavcodec\dv_profile.h">
      <Filter>libavcodec</Filter>
    </ClInclude>
    <ClInclude Include="libavcodec\dxva2.h">
      <Filter>libavcodec</Filter>
    </ClInclude>
    <ClInclude Include="libavcodec\jni.h">
      <Filter>libavcodec</Filter>
    </ClInclude>
    <ClInclude Include="libavcodec\mediacodec.h">
      <Filter>libavcodec</Filter>
    </ClInclude>
    <ClInclude Include="libavcodec\qsv.h">
      <Filter>libavcodec</Filter>
    </ClInclude>
    <ClInclude Include="libavcodec\vaapi.h">
      <Filter>libavcodec</Filter>
    </ClInclude>
    <ClInclude Include="libavcodec\vda.h">
      <Filter>libavcodec</Filter>
    </ClInclude>
    <ClInclude Include="libavcodec\vdpau.h">
      <Filter>libavcodec</Filter>
    </ClInclude>
    <ClInclude Include="libavcodec\version.h">
      <Filter>libavcodec</Filter>
    </ClInclude>
    <ClInclude Include="libavcodec\videotoolbox.h">
      <Filter>libavcodec</Filter>
    </ClInclude>
    <ClInclude Include="libavcodec\vorbis_parser.h">
      <Filter>libavcodec</Filter>
    </ClInclude>
    <ClInclude Include="libavdevice\version.h">
      <Filter>libavdevice</Filter>
    </ClInclude>
    <ClInclude Include="libavdevice\avdevice.h">
      <Filter>libavdevice</Filter>
    </ClInclude>
    <ClInclude Include="libavfilter\version.h">
      <Filter>libavfilter</Filter>
    </ClInclude>
    <ClInclude Include="libavfilter\avfilter.h">
      <Filter>libavfilter</Filter>
    </ClInclude>
    <ClInclude Include="libavfilter\avfiltergraph.h">
      <Filter>libavfilter</Filter>
    </ClInclude>
    <ClInclude Include="libavfilter\buffersink.h">
      <Filter>libavfilter</Filter>
    </ClInclude>
    <ClInclude Include="libavfilter\buffersrc.h">
      <Filter>libavfilter</Filter>
    </ClInclude>
    <ClInclude Include="libavformat\version.h">
      <Filter>libavformat</Filter>
    </ClInclude>
    <ClInclude Include="libavformat\avformat.h">
      <Filter>libavformat</Filter>
    </ClInclude>
    <ClInclude Include="libavformat\avio.h">
      <Filter>libavformat</Filter>
    </ClInclude>
    <ClInclude Include="libavutil\xtea.h">
      <Filter>libavutil</Filter>
    </ClInclude>
    <ClInclude Include="libavutil\adler32.h">
      <Filter>libavutil</Filter>
    </ClInclude>
    <ClInclude Include="libavutil\aes.h">
      <Filter>libavutil</Filter>
    </ClInclude>
    <ClInclude Include="libavutil\aes_ctr.h">
      <Filter>libavutil</Filter>
    </ClInclude>
    <ClInclude Include="libavutil\attributes.h">
      <Filter>libavutil</Filter>
    </ClInclude>
    <ClInclude Include="libavutil\audio_fifo.h">
      <Filter>libavutil</Filter>
    </ClInclude>
    <ClInclude Include="libavutil\avassert.h">
      <Filter>libavutil</Filter>
    </ClInclude>
    <ClInclude Include="libavutil\avconfig.h">
      <Filter>libavutil</Filter>
    </ClInclude>
    <ClInclude Include="libavutil\avstring.h">
      <Filter>libavutil</Filter>
    </ClInclude>
    <ClInclude Include="libavutil\avutil.h">
      <Filter>libavutil</Filter>
    </ClInclude>
    <ClInclude Include="libavutil\base64.h">
      <Filter>libavutil</Filter>
    </ClInclude>
    <ClInclude Include="libavutil\blowfish.h">
      <Filter>libavutil</Filter>
    </ClInclude>
    <ClInclude Include="libavutil\bprint.h">
      <Filter>libavutil</Filter>
    </ClInclude>
    <ClInclude Include="libavutil\bswap.h">
      <Filter>libavutil</Filter>
    </ClInclude>
    <ClInclude Include="libavutil\buffer.h">
      <Filter>libavutil</Filter>
    </ClInclude>
    <ClInclude Include="libavutil\camellia.h">
      <Filter>libavutil</Filter>
    </ClInclude>
    <ClInclude Include="libavutil\cast5.h">
      <Filter>libavutil</Filter>
    </ClInclude>
    <ClInclude Include="libavutil\channel_layout.h">
      <Filter>libavutil</Filter>
    </ClInclude>
    <ClInclude Include="libavutil\common.h">
      <Filter>libavutil</Filter>
    </ClInclude>
    <ClInclude Include="libavutil\cpu.h">
      <Filter>libavutil</Filter>
    </ClInclude>
    <ClInclude Include="libavutil\crc.h">
      <Filter>libavutil</Filter>
    </ClInclude>
    <ClInclude Include="libavutil\des.h">
      <Filter>libavutil</Filter>
    </ClInclude>
    <ClInclude Include="libavutil\dict.h">
      <Filter>libavutil</Filter>
    </ClInclude>
    <ClInclude Include="libavutil\display.h">
      <Filter>libavutil</Filter>
    </ClInclude>
    <ClInclude Include="libavutil\downmix_info.h">
      <Filter>libavutil</Filter>
    </ClInclude>
    <ClInclude Include="libavutil\error.h">
      <Filter>libavutil</Filter>
    </ClInclude>
    <ClInclude Include="libavutil\eval.h">
      <Filter>libavutil</Filter>
    </ClInclude>
    <ClInclude Include="libavutil\ffversion.h">
      <Filter>libavutil</Filter>
    </ClInclude>
    <ClInclude Include="libavutil\fifo.h">
      <Filter>libavutil</Filter>
    </ClInclude>
    <ClInclude Include="libavutil\file.h">
      <Filter>libavutil</Filter>
    </ClInclude>
    <ClInclude Include="libavutil\frame.h">
      <Filter>libavutil</Filter>
    </ClInclude>
    <ClInclude Include="libavutil\hash.h">
      <Filter>libavutil</Filter>
    </ClInclude>
    <ClInclude Include="libavutil\hmac.h">
      <Filter>libavutil</Filter>
    </ClInclude>
    <ClInclude Include="libavutil\hwcontext.h">
      <Filter>libavutil</Filter>
    </ClInclude>
    <ClInclude Include="libavutil\hwcontext_cuda.h">
      <Filter>libavutil</Filter>
    </ClInclude>
    <ClInclude Include="libavutil\hwcontext_dxva2.h">
      <Filter>libavutil</Filter>
    </ClInclude>
    <ClInclude Include="libavutil\hwcontext_vaapi.h">
      <Filter>libavutil</Filter>
    </ClInclude>
    <ClInclude Include="libavutil\hwcontext_vdpau.h">
      <Filter>libavutil</Filter>
    </ClInclude>
    <ClInclude Include="libavutil\imgutils.h">
      <Filter>libavutil</Filter>
    </ClInclude>
    <ClInclude Include="libavutil\intfloat.h">
      <Filter>libavutil</Filter>
    </ClInclude>
    <ClInclude Include="libavutil\intreadwrite.h">
      <Filter>libavutil</Filter>
    </ClInclude>
    <ClInclude Include="libavutil\lfg.h">
      <Filter>libavutil</Filter>
    </ClInclude>
    <ClInclude Include="libavutil\log.h">
      <Filter>libavutil</Filter>
    </ClInclude>
    <ClInclude Include="libavutil\lzo.h">
      <Filter>libavutil</Filter>
    </ClInclude>
    <ClInclude Include="libavutil\macros.h">
      <Filter>libavutil</Filter>
    </ClInclude>
    <ClInclude Include="libavutil\mastering_display_metadata.h">
      <Filter>libavutil</Filter>
    </ClInclude>
    <ClInclude Include="libavutil\mathematics.h">
      <Filter>libavutil</Filter>
    </ClInclude>
    <ClInclude Include="libavutil\md5.h">
      <Filter>libavutil</Filter>
    </ClInclude>
    <ClInclude Include="libavutil\mem.h">
      <Filter>libavutil</Filter>
    </ClInclude>
    <ClInclude Include="libavutil\motion_vector.h">
      <Filter>libavutil</Filter>
    </ClInclude>
    <ClInclude Include="libavutil\murmur3.h">
      <Filter>libavutil</Filter>
    </ClInclude>
    <ClInclude Include="libavutil\opt.h">
      <Filter>libavutil</Filter>
    </ClInclude>
    <ClInclude Include="libavutil\parseutils.h">
      <Filter>libavutil</Filter>
    </ClInclude>
    <ClInclude Include="libavutil\pixdesc.h">
      <Filter>libavutil</Filter>
    </ClInclude>
    <ClInclude Include="libavutil\pixelutils.h">
      <Filter>libavutil</Filter>
    </ClInclude>
    <ClInclude Include="libavutil\pixfmt.h">
      <Filter>libavutil</Filter>
    </ClInclude>
    <ClInclude Include="libavutil\random_seed.h">
      <Filter>libavutil</Filter>
    </ClInclude>
    <ClInclude Include="libavutil\rational.h">
      <Filter>libavutil</Filter>
    </ClInclude>
    <ClInclude Include="libavutil\rc4.h">
      <Filter>libavutil</Filter>
    </ClInclude>
    <ClInclude Include="libavutil\replaygain.h">
      <Filter>libavutil</Filter>
    </ClInclude>
    <ClInclude Include="libavutil\ripemd.h">
      <Filter>libavutil</Filter>
    </ClInclude>
    <ClInclude Include="libavutil\samplefmt.h">
      <Filter>libavutil</Filter>
    </ClInclude>
    <ClInclude Include="libavutil\sha.h">
      <Filter>libavutil</Filter>
    </ClInclude>
    <ClInclude Include="libavutil\sha512.h">
      <Filter>libavutil</Filter>
    </ClInclude>
    <ClInclude Include="libavutil\stereo3d.h">
      <Filter>libavutil</Filter>
    </ClInclude>
    <ClInclude Include="libavutil\tea.h">
      <Filter>libavutil</Filter>
    </ClInclude>
    <ClInclude Include="libavutil\threadmessage.h">
      <Filter>libavutil</Filter>
    </ClInclude>
    <ClInclude Include="libavutil\time.h">
      <Filter>libavutil</Filter>
    </ClInclude>
    <ClInclude Include="libavutil\timecode.h">
      <Filter>libavutil</Filter>
    </ClInclude>
    <ClInclude Include="libavutil\timestamp.h">
      <Filter>libavutil</Filter>
    </ClInclude>
    <ClInclude Include="libavutil\tree.h">
      <Filter>libavutil</Filter>
    </ClInclude>
    <ClInclude Include="libavutil\twofish.h">
      <Filter>libavutil</Filter>
    </ClInclude>
    <ClInclude Include="libavutil\version.h">
      <Filter>libavutil</Filter>
    </ClInclude>
    <ClInclude Include="libpostproc\version.h">
      <Filter>libpostproc</Filter>
    </ClInclude>
    <ClInclude Include="libpostproc\postprocess.h">
      <Filter>libpostproc</Filter>
    </ClInclude>
    <ClInclude Include="libswresample\version.h">
      <Filter>libswresample</Filter>
    </ClInclude>
    <ClInclude Include="libswresample\swresample.h">
      <Filter>libswresample</Filter>
    </ClInclude>
    <ClInclude Include="libswscale\version.h">
      <Filter>libswscale</Filter>
    </ClInclude>
    <ClInclude Include="libswscale\swscale.h">
      <Filter>libswscale</Filter>
    </ClInclude>
    <ClInclude Include="mp4convert\VideoCoverImage.hpp">
      <Filter>mp4convert</Filter>
    </ClInclude>
    <ClInclude Include="mp4convert\AudioResample.hpp">
      <Filter>mp4convert</Filter>
    </ClInclude>
    <ClInclude Include="mp4convert\AV.hpp">
      <Filter>mp4convert</Filter>
    </ClInclude>
    <ClInclude Include="mp4convert\CustomAVFilter.hpp">
      <Filter>mp4convert</Filter>
    </ClInclude>
    <ClInclude Include="mp4convert\FFMpegHeader.h">
      <Filter>mp4convert</Filter>
    </ClInclude>
    <ClInclude Include="mp4convert\FFMpegUtil.h">
      <Filter>mp4convert</Filter>
    </ClInclude>
    <ClInclude Include="mp4convert\TransCode.hpp">
      <Filter>mp4convert</Filter>
    </ClInclude>
    <ClInclude Include="KkFFmpegDll.h" />
  </ItemGroup>
  <ItemGroup>
    <ClCompile Include="KkFFmpegDll.cpp" />
  </ItemGroup>
</Project>